
Microsoft Visual Studio Solution File, Format Version 12.00
# Visual Studio Version 16
VisualStudioVersion = 16.0.29519.181
MinimumVisualStudioVersion = 10.0.40219.1
Project("{9A19103F-16F7-4668-BE54-9A1E7A4F7556}") = "Appium.Flutter", "Appium.Flutter\Appium.Flutter.csproj", "{DF82EB27-B2C6-43F5-AA05-142D3623FC34}"
EndProject
Project("{FAE04EC0-301F-11D3-BF4B-00C04F79EFBC}") = "Appium.Flutter.UnitTests", "Appium.Flutter.UnitTests\Appium.Flutter.UnitTests.csproj", "{6BF56299-2DE9-4760-8422-578D7CBC3005}"
EndProject
Project("{FAE04EC0-301F-11D3-BF4B-00C04F79EFBC}") = "Appium.Flutter.SystemTests", "Appium.Flutter.SystemTests\Appium.Flutter.SystemTests.csproj", "{45498CDB-14F3-42B4-92A5-141A07E02D78}"
EndProject
Global
	GlobalSection(SolutionConfigurationPlatforms) = preSolution
		Debug|Any CPU = Debug|Any CPU
		Release|Any CPU = Release|Any CPU
	EndGlobalSection
	GlobalSection(ProjectConfigurationPlatforms) = postSolution
		{DF82EB27-B2C6-43F5-AA05-142D3623FC34}.Debug|Any CPU.ActiveCfg = Debug|Any CPU
		{DF82EB27-B2C6-43F5-AA05-142D3623FC34}.Debug|Any CPU.Build.0 = Debug|Any CPU
		{DF82EB27-B2C6-43F5-AA05-142D3623FC34}.Release|Any CPU.ActiveCfg = Release|Any CPU
		{DF82EB27-B2C6-43F5-AA05-142D3623FC34}.Release|Any CPU.Build.0 = Release|Any CPU
		{6BF56299-2DE9-4760-8422-578D7CBC3005}.Debug|Any CPU.ActiveCfg = Debug|Any CPU
		{6BF56299-2DE9-4760-8422-578D7CBC3005}.Debug|Any CPU.Build.0 = Debug|Any CPU
		{6BF56299-2DE9-4760-8422-578D7CBC3005}.Release|Any CPU.ActiveCfg = Release|Any CPU
		{6BF56299-2DE9-4760-8422-578D7CBC3005}.Release|Any CPU.Build.0 = Release|Any CPU
		{45498CDB-14F3-42B4-92A5-141A07E02D78}.Debug|Any CPU.ActiveCfg = Debug|Any CPU
		{45498CDB-14F3-42B4-92A5-141A07E02D78}.Debug|Any CPU.Build.0 = Debug|Any CPU
		{45498CDB-14F3-42B4-92A5-141A07E02D78}.Release|Any CPU.ActiveCfg = Release|Any CPU
		{45498CDB-14F3-42B4-92A5-141A07E02D78}.Release|Any CPU.Build.0 = Release|Any CPU
	EndGlobalSection
	GlobalSection(SolutionProperties) = preSolution
		HideSolutionNode = FALSE
	EndGlobalSection
	GlobalSection(ExtensibilityGlobals) = postSolution
		SolutionGuid = {E044083C-DEE7-4F73-A459-BCAA31025345}
	EndGlobalSection
EndGlobal
